{
  "name": "Persona Project",
  "lockfileVersion": 2,
  "requires": true,
  "packages": {
    "": {
      "dependencies": {
        "swup": "^2.0.19"
      }
    },
    "node_modules/delegate-it": {
      "version": "3.0.1",
      "resolved": "https://registry.npmjs.org/delegate-it/-/delegate-it-3.0.1.tgz",
      "integrity": "sha512-XU8H4pjDGBW74hFIbjdLPnvtU3HF3P9bbZvoFBSBLb5JgNaTkRb/2lvC1V+9kmZsxVR0kad4bU3rYhQ/4Ij+Gw==",
      "dependencies": {
        "typed-query-selector": "^2.6.1"
      }
    },
    "node_modules/opencollective-postinstall": {
      "version": "2.0.3",
      "resolved": "https://registry.npmjs.org/opencollective-postinstall/-/opencollective-postinstall-2.0.3.tgz",
      "integrity": "sha512-8AV/sCtuzUeTo8gQK5qDZzARrulB3egtLzFgteqB2tcT4Mw7B8Kt7JcDHmltjz6FOAHsvTevk70gZEbhM4ZS9Q==",
      "bin": {
        "opencollective-postinstall": "index.js"
      }
    },
    "node_modules/swup": {
      "version": "2.0.19",
      "resolved": "https://registry.npmjs.org/swup/-/swup-2.0.19.tgz",
      "integrity": "sha512-cyqcVG5ZlIwqRjvLhZvYFBoc8vDDZ5V0OMthTOa7OE/xowzqyhGRJ2hvFr6ecnJfpiTJGN5CIq+Ep2G7ty9gcw==",
      "hasInstallScript": true,
      "dependencies": {
        "delegate-it": "^3.0.1",
        "opencollective-postinstall": "^2.0.2"
      }
    },
    "node_modules/typed-query-selector": {
      "version": "2.8.0",
      "resolved": "https://registry.npmjs.org/typed-query-selector/-/typed-query-selector-2.8.0.tgz",
      "integrity": "sha512-jo9NLGQ0b7sT9TK3mxzemATQqTb/uh8TRvcOK6WSwKNewALt3AA8q2m7cdpF/uUbd/cdixaBxCGe6fpzpEWbGw=="
    }
  },
  "dependencies": {
    "delegate-it": {
      "version": "3.0.1",
      "resolved": "https://registry.npmjs.org/delegate-it/-/delegate-it-3.0.1.tgz",
      "integrity": "sha512-XU8H4pjDGBW74hFIbjdLPnvtU3HF3P9bbZvoFBSBLb5JgNaTkRb/2lvC1V+9kmZsxVR0kad4bU3rYhQ/4Ij+Gw==",
      "requires": {
        "typed-query-selector": "^2.6.1"
      }
    },
    "opencollective-postinstall": {
      "version": "2.0.3",
      "resolved": "https://registry.npmjs.org/opencollective-postinstall/-/opencollective-postinstall-2.0.3.tgz",
      "integrity": "sha512-8AV/sCtuzUeTo8gQK5qDZzARrulB3egtLzFgteqB2tcT4Mw7B8Kt7JcDHmltjz6FOAHsvTevk70gZEbhM4ZS9Q=="
    },
    "swup": {
      "version": "2.0.19",
      "resolved": "https://registry.npmjs.org/swup/-/swup-2.0.19.tgz",
      "integrity": "sha512-cyqcVG5ZlIwqRjvLhZvYFBoc8vDDZ5V0OMthTOa7OE/xowzqyhGRJ2hvFr6ecnJfpiTJGN5CIq+Ep2G7ty9gcw==",
      "requires": {
        "delegate-it": "^3.0.1",
        "opencollective-postinstall": "^2.0.2"
      }
    },
    "typed-query-selector": {
      "version": "2.8.0",
      "resolved": "https://registry.npmjs.org/typed-query-selector/-/typed-query-selector-2.8.0.tgz",
      "integrity": "sha512-jo9NLGQ0b7sT9TK3mxzemATQqTb/uh8TRvcOK6WSwKNewALt3AA8q2m7cdpF/uUbd/cdixaBxCGe6fpzpEWbGw=="
    }
  }
}
